dependencies:
- name: zot
  repository: http://zotregistry.dev/helm-charts
  version: 0.1.122
- name: oasf
  repository: oci://ghcr.io/agntcy/oasf/helm-charts
  version: v0.5.1
- name: postgresql
  repository: https://charts.bitnami.com/bitnami
  version: 18.8.0
digest: sha256:5aadfbfb1b030491a059f069e933acfd6a27bb158d38617e5828c1e2cc2ddf47
generated: "2026-08-03T00:38:35.540832503Z"
